
Microsoft Visual Studio Solution File, Format Version 12.00
# Visual Studio Version 16
VisualStudioVersion = 16.0.30413.136
MinimumVisualStudioVersion = 10.0.40219.1
Project("{FAE04EC0-301F-11D3-BF4B-00C04F79EFBC}") = "TestBlazorCoreMvc", "TestBlazorCoreMvc\TestBlazorCoreMvc.csproj", "{8A0E3AD4-8769-488C-B1A6-E9D3B3A16500}"
EndProject
Project("{FAE04EC0-301F-11D3-BF4B-00C04F79EFBC}") = "TestBlazorCoreMvc.MVC", "TestBlazorCoreMvc.MVC\TestBlazorCoreMvc.MVC.csproj", "{C3D0F09F-4A33-45FC-A847-C5C9DCA34732}"
EndProject
Project("{FAE04EC0-301F-11D3-BF4B-00C04F79EFBC}") = "TestWebApplication1", "TestWebApplication1\TestWebApplication1.csproj", "{9CCED952-BBFD-4335-AA33-F2BB4A99E7D9}"
EndProject
Global
	GlobalSection(SolutionConfigurationPlatforms) = preSolution
		Debug|Any CPU = Debug|Any CPU
		Release|Any CPU = Release|Any CPU
	EndGlobalSection
	GlobalSection(ProjectConfigurationPlatforms) = postSolution
		{8A0E3AD4-8769-488C-B1A6-E9D3B3A16500}.Debug|Any CPU.ActiveCfg = Debug|Any CPU
		{8A0E3AD4-8769-488C-B1A6-E9D3B3A16500}.Debug|Any CPU.Build.0 = Debug|Any CPU
		{8A0E3AD4-8769-488C-B1A6-E9D3B3A16500}.Release|Any CPU.ActiveCfg = Release|Any CPU
		{8A0E3AD4-8769-488C-B1A6-E9D3B3A16500}.Release|Any CPU.Build.0 = Release|Any CPU
		{C3D0F09F-4A33-45FC-A847-C5C9DCA34732}.Debug|Any CPU.ActiveCfg = Debug|Any CPU
		{C3D0F09F-4A33-45FC-A847-C5C9DCA34732}.Debug|Any CPU.Build.0 = Debug|Any CPU
		{C3D0F09F-4A33-45FC-A847-C5C9DCA34732}.Release|Any CPU.ActiveCfg = Release|Any CPU
		{C3D0F09F-4A33-45FC-A847-C5C9DCA34732}.Release|Any CPU.Build.0 = Release|Any CPU
		{9CCED952-BBFD-4335-AA33-F2BB4A99E7D9}.Debug|Any CPU.ActiveCfg = Debug|Any CPU
		{9CCED952-BBFD-4335-AA33-F2BB4A99E7D9}.Debug|Any CPU.Build.0 = Debug|Any CPU
		{9CCED952-BBFD-4335-AA33-F2BB4A99E7D9}.Release|Any CPU.ActiveCfg = Release|Any CPU
		{9CCED952-BBFD-4335-AA33-F2BB4A99E7D9}.Release|Any CPU.Build.0 = Release|Any CPU
	EndGlobalSection
	GlobalSection(SolutionProperties) = preSolution
		HideSolutionNode = FALSE
	EndGlobalSection
	GlobalSection(ExtensibilityGlobals) = postSolution
		SolutionGuid = {D479F87E-38BE-41FD-8773-9C300DE396B4}
	EndGlobalSection
EndGlobal
